# This file is autogenerated, do not edit; changes may be undone by the next 'dep ensure'.


[[projects]]
  branch = "master"
  digest = "1:1057d275b925ea6e532ec14e5e232acdbe0acdbe9dc45bd02f1a6cb6b04b52f1"
  name = "github.com/dsoprea/go-exif"
  packages = ["."]
  pruneopts = "UT"
  revision = "3ce78807c90f08e7d8bedf814a1f7a312ba5ed7e"

[[projects]]
  branch = "master"
  digest = "1:6c6463b18538346f27d1f572a945ad86690b00c364f74f6c0092b7d65bb7cd33"
  name = "github.com/dsoprea/go-logging"
  packages = ["."]
  pruneopts = "UT"
  revision = "c4f10aab7696b7342fa7cf1a05b2df947dcf7110"

[[projects]]
  digest = "1:aacef5f5e45685f2aeda5534d0a750dee6859de7e9088cdd06192787bb01ae6d"
  name = "github.com/go-errors/errors"
  packages = ["."]
  pruneopts = "UT"
  revision = "a6af135bd4e28680facf08a3d206b454abc877a4"
  version = "v1.0.1"

[[projects]]
  branch = "master"
  digest = "1:9cf4b2d3c07de2ed0229e6b06b785e5e181df5aeb7a458cb75d75c45e8a7f088"
  name = "github.com/golang/geo"
  packages = [
    "r1",
    "r2",
    "r3",
    "s1",
    "s2",
  ]
  pruneopts = "UT"
  revision = "5b978397cfecc7280e598e9ac5854e9534b0918b"

[[projects]]
  branch = "master"
  digest = "1:76ee51c3f468493aff39dbacc401e8831fbb765104cbf613b89bef01cf4bad70"
  name = "golang.org/x/net"
  packages = ["context"]
  pruneopts = "UT"
  revision = "ec77196f6094c3492a8b61f2c11cf937f78992ae"

[[projects]]
  digest = "1:59f10c1537d2199d9115d946927fe31165959a95190849c82ff11e05803528b0"
  name = "gopkg.in/yaml.v2"
  packages = ["."]
  pruneopts = "UT"
  revision = "f221b8435cfb71e54062f6c6e99e9ade30b124d5"
  version = "v2.2.4"

[solve-meta]
  analyzer-name = "dep"
  analyzer-version = 1
  input-imports = ["github.com/dsoprea/go-exif"]
  solver-name = "gps-cdcl"
  solver-version = 1
